
Microsoft Visual Studio Solution File, Format Version 12.00
# Visual Studio 2013
VisualStudioVersion = 12.0.30110.0
MinimumVisualStudioVersion = 10.0.40219.1
Project("{FAE04EC0-301F-11D3-BF4B-00C04F79EFBC}") = "XamlFormatter", "XamlFormatter\XamlFormatter.csproj", "{19B9B684-D35B-4CF6-A393-81F42869C496}"
EndProject
Project("{FAE04EC0-301F-11D3-BF4B-00C04F79EFBC}") = "CodeResolver", "CodeResolver\CodeResolver.csproj", "{FA8832CD-A2E4-46D2-8FC4-756247B24ED1}"
EndProject
Project("{FAE04EC0-301F-11D3-BF4B-00C04F79EFBC}") = "XamlFormatter.Window", "XamlFormatter.Window\XamlFormatter.Window.csproj", "{A77BA8AD-7C6C-46B7-AF32-174E4E93B05F}"
EndProject
Global
	GlobalSection(SolutionConfigurationPlatforms) = preSolution
		Debug|Any CPU = Debug|Any CPU
		Release|Any CPU = Release|Any CPU
	EndGlobalSection
	GlobalSection(ProjectConfigurationPlatforms) = postSolution
		{19B9B684-D35B-4CF6-A393-81F42869C496}.Debug|Any CPU.ActiveCfg = Debug|Any CPU
		{19B9B684-D35B-4CF6-A393-81F42869C496}.Debug|Any CPU.Build.0 = Debug|Any CPU
		{19B9B684-D35B-4CF6-A393-81F42869C496}.Release|Any CPU.ActiveCfg = Release|Any CPU
		{19B9B684-D35B-4CF6-A393-81F42869C496}.Release|Any CPU.Build.0 = Release|Any CPU
		{FA8832CD-A2E4-46D2-8FC4-756247B24ED1}.Debug|Any CPU.ActiveCfg = Debug|Any CPU
		{FA8832CD-A2E4-46D2-8FC4-756247B24ED1}.Debug|Any CPU.Build.0 = Debug|Any CPU
		{FA8832CD-A2E4-46D2-8FC4-756247B24ED1}.Release|Any CPU.ActiveCfg = Release|Any CPU
		{FA8832CD-A2E4-46D2-8FC4-756247B24ED1}.Release|Any CPU.Build.0 = Release|Any CPU
		{A77BA8AD-7C6C-46B7-AF32-174E4E93B05F}.Debug|Any CPU.ActiveCfg = Debug|Any CPU
		{A77BA8AD-7C6C-46B7-AF32-174E4E93B05F}.Debug|Any CPU.Build.0 = Debug|Any CPU
		{A77BA8AD-7C6C-46B7-AF32-174E4E93B05F}.Release|Any CPU.ActiveCfg = Release|Any CPU
		{A77BA8AD-7C6C-46B7-AF32-174E4E93B05F}.Release|Any CPU.Build.0 = Release|Any CPU
	EndGlobalSection
	GlobalSection(SolutionProperties) = preSolution
		HideSolutionNode = FALSE
	EndGlobalSection
EndGlobal
